
Microsoft Visual Studio Solution File, Format Version 12.00
# Visual Studio Version 17
VisualStudioVersion = 17.12.35506.116 d17.12
MinimumVisualStudioVersion = 10.0.40219.1
Project("{2150E333-8FDC-42A3-9474-1A3956D46DE8}") = "src", "src", "{4ED90227-C30E-44D5-89C5-48C0FA429361}"
EndProject
Project("{2150E333-8FDC-42A3-9474-1A3956D46DE8}") = "tests", "tests", "{C6A209AF-6A54-4B42-B7DC-EDAB7225825D}"
EndProject
Project("{FAE04EC0-301F-11D3-BF4B-00C04F79EFBC}") = "SearchWorker.Infrastructure", "src\SearchWorker.Infrastructure\SearchWorker.Infrastructure.csproj", "{080A91CF-A3FC-44BC-9E08-64CD27CFBA93}"
EndProject
Project("{FAE04EC0-301F-11D3-BF4B-00C04F79EFBC}") = "SearchWorker.Application", "src\SearchWorker.Application\SearchWorker.Application.csproj", "{68909421-86C2-42E2-A6B9-90B81DC73651}"
EndProject
Project("{FAE04EC0-301F-11D3-BF4B-00C04F79EFBC}") = "SearchWorker.Domain", "src\SearchWorker.Domain\SearchWorker.Domain.csproj", "{5C03B472-4166-443C-9846-5B47797F19BD}"
EndProject
Project("{FAE04EC0-301F-11D3-BF4B-00C04F79EFBC}") = "SearchWorker.Worker", "src\SearchWorker.Worker\SearchWorker.Worker.csproj", "{60FBB18D-2636-435F-9EC8-06F1580BB85A}"
EndProject
Global
	GlobalSection(SolutionConfigurationPlatforms) = preSolution
		Debug|Any CPU = Debug|Any CPU
		Release|Any CPU = Release|Any CPU
	EndGlobalSection
	GlobalSection(ProjectConfigurationPlatforms) = postSolution
		{080A91CF-A3FC-44BC-9E08-64CD27CFBA93}.Debug|Any CPU.ActiveCfg = Debug|Any CPU
		{080A91CF-A3FC-44BC-9E08-64CD27CFBA93}.Debug|Any CPU.Build.0 = Debug|Any CPU
		{080A91CF-A3FC-44BC-9E08-64CD27CFBA93}.Release|Any CPU.ActiveCfg = Release|Any CPU
		{080A91CF-A3FC-44BC-9E08-64CD27CFBA93}.Release|Any CPU.Build.0 = Release|Any CPU
		{68909421-86C2-42E2-A6B9-90B81DC73651}.Debug|Any CPU.ActiveCfg = Debug|Any CPU
		{68909421-86C2-42E2-A6B9-90B81DC73651}.Debug|Any CPU.Build.0 = Debug|Any CPU
		{68909421-86C2-42E2-A6B9-90B81DC73651}.Release|Any CPU.ActiveCfg = Release|Any CPU
		{68909421-86C2-42E2-A6B9-90B81DC73651}.Release|Any CPU.Build.0 = Release|Any CPU
		{5C03B472-4166-443C-9846-5B47797F19BD}.Debug|Any CPU.ActiveCfg = Debug|Any CPU
		{5C03B472-4166-443C-9846-5B47797F19BD}.Debug|Any CPU.Build.0 = Debug|Any CPU
		{5C03B472-4166-443C-9846-5B47797F19BD}.Release|Any CPU.ActiveCfg = Release|Any CPU
		{5C03B472-4166-443C-9846-5B47797F19BD}.Release|Any CPU.Build.0 = Release|Any CPU
		{60FBB18D-2636-435F-9EC8-06F1580BB85A}.Debug|Any CPU.ActiveCfg = Debug|Any CPU
		{60FBB18D-2636-435F-9EC8-06F1580BB85A}.Debug|Any CPU.Build.0 = Debug|Any CPU
		{60FBB18D-2636-435F-9EC8-06F1580BB85A}.Release|Any CPU.ActiveCfg = Release|Any CPU
		{60FBB18D-2636-435F-9EC8-06F1580BB85A}.Release|Any CPU.Build.0 = Release|Any CPU
	EndGlobalSection
	GlobalSection(SolutionProperties) = preSolution
		HideSolutionNode = FALSE
	EndGlobalSection
	GlobalSection(NestedProjects) = preSolution
		{080A91CF-A3FC-44BC-9E08-64CD27CFBA93} = {4ED90227-C30E-44D5-89C5-48C0FA429361}
		{68909421-86C2-42E2-A6B9-90B81DC73651} = {4ED90227-C30E-44D5-89C5-48C0FA429361}
		{5C03B472-4166-443C-9846-5B47797F19BD} = {4ED90227-C30E-44D5-89C5-48C0FA429361}
		{60FBB18D-2636-435F-9EC8-06F1580BB85A} = {4ED90227-C30E-44D5-89C5-48C0FA429361}
	EndGlobalSection
EndGlobal
